
Microsoft Visual Studio Solution File, Format Version 12.00
# Visual Studio Version 16
VisualStudioVersion = 16.0.31702.278
MinimumVisualStudioVersion = 10.0.40219.1
Project("{9A19103F-16F7-4668-BE54-9A1E7A4F7556}") = "AppSettings", "AppSettings\AppSettings.csproj", "{F5EC35B2-97AD-4B77-BEA2-27C0A0049492}"
EndProject
Project("{9A19103F-16F7-4668-BE54-9A1E7A4F7556}") = "NetCoreSecurity.WebApplication", "Web\NetCoreSecurity.WebApplication\NetCoreSecurity.WebApplication.csproj", "{E0E2014C-A299-431D-AD65-B1D38522B43F}"
EndProject
Global
	GlobalSection(SolutionConfigurationPlatforms) = preSolution
		Debug|Any CPU = Debug|Any CPU
		Release|Any CPU = Release|Any CPU
	EndGlobalSection
	GlobalSection(ProjectConfigurationPlatforms) = postSolution
		{F5EC35B2-97AD-4B77-BEA2-27C0A0049492}.Debug|Any CPU.ActiveCfg = Debug|Any CPU
		{F5EC35B2-97AD-4B77-BEA2-27C0A0049492}.Debug|Any CPU.Build.0 = Debug|Any CPU
		{F5EC35B2-97AD-4B77-BEA2-27C0A0049492}.Release|Any CPU.ActiveCfg = Release|Any CPU
		{F5EC35B2-97AD-4B77-BEA2-27C0A0049492}.Release|Any CPU.Build.0 = Release|Any CPU
		{E0E2014C-A299-431D-AD65-B1D38522B43F}.Debug|Any CPU.ActiveCfg = Debug|Any CPU
		{E0E2014C-A299-431D-AD65-B1D38522B43F}.Debug|Any CPU.Build.0 = Debug|Any CPU
		{E0E2014C-A299-431D-AD65-B1D38522B43F}.Release|Any CPU.ActiveCfg = Release|Any CPU
		{E0E2014C-A299-431D-AD65-B1D38522B43F}.Release|Any CPU.Build.0 = Release|Any CPU
	EndGlobalSection
	GlobalSection(SolutionProperties) = preSolution
		HideSolutionNode = FALSE
	EndGlobalSection
	GlobalSection(ExtensibilityGlobals) = postSolution
		SolutionGuid = {7315689E-321F-4988-83A7-8DAA9C326E7E}
	EndGlobalSection
EndGlobal
